
Microsoft Visual Studio Solution File, Format Version 12.00
# Visual Studio Version 17
VisualStudioVersion = 17.5.002.0
MinimumVisualStudioVersion = 10.0.40219.1
Project("{9A19103F-16F7-4668-BE54-9A1E7A4F7556}") = "EcoShare", "EcoShare.csproj", "{A309CAE6-5C90-41BE-B244-8A8C81C2857D}"
EndProject
Global
	GlobalSection(SolutionConfigurationPlatforms) = preSolution
		Debug|Any CPU = Debug|Any CPU
		Release|Any CPU = Release|Any CPU
	EndGlobalSection
	GlobalSection(ProjectConfigurationPlatforms) = postSolution
		{A309CAE6-5C90-41BE-B244-8A8C81C2857D}.Debug|Any CPU.ActiveCfg = Debug|Any CPU
		{A309CAE6-5C90-41BE-B244-8A8C81C2857D}.Debug|Any CPU.Build.0 = Debug|Any CPU
		{A309CAE6-5C90-41BE-B244-8A8C81C2857D}.Release|Any CPU.ActiveCfg = Release|Any CPU
		{A309CAE6-5C90-41BE-B244-8A8C81C2857D}.Release|Any CPU.Build.0 = Release|Any CPU
	EndGlobalSection
	GlobalSection(SolutionProperties) = preSolution
		HideSolutionNode = FALSE
	EndGlobalSection
	GlobalSection(ExtensibilityGlobals) = postSolution
		SolutionGuid = {AD0FAEE4-39DB-44D0-BB45-8D0083E2BF77}
	EndGlobalSection
EndGlobal
